// !$*UTF8*$!
{
	archiveVersion = 1;
	classes = {
	};
	objectVersion = 51;
	objects = {

/* Begin PBXBuildFile section */
		34EE20FCE56F17112A3D6A94 /* Pods_PhotoComparator.framework in Frameworks */ = {isa = PBXBuildFile; fileRef = 711B57C28B93B8A54E2382C6 /* Pods_PhotoComparator.framework */; };
		7DE2CEE716268AD79B41AE8D /* Pods_PhotoComparatorUITests.framework in Frameworks */ = {isa = PBXBuildFile; fileRef = 44724EADB96EBB1CF34B443B /* Pods_PhotoComparatorUITests.framework */; };
		D4BFE4FF4EDCFC76867EC1B1 /* Pods_PhotoComparatorTests.framework in Frameworks */ = {isa = PBXBuildFile; fileRef = 1A9D115F6C88594B505567F9 /* Pods_PhotoComparatorTests.framework */; };
		D6042734234BEFF80087A76B /* ViewPhotoModeVC.swift in Sources */ = {isa = PBXBuildFile; fileRef = D6042733234BEFF80087A76B /* ViewPhotoModeVC.swift */; };
		D6042739234BF1E90087A76B /* ViewPhoto_View.swift in Sources */ = {isa = PBXBuildFile; fileRef = D6042738234BF1E90087A76B /* ViewPhoto_View.swift */; };
		D60BF9FE23551A7600BAEC56 /* uploadPhotoButton.swift in Sources */ = {isa = PBXBuildFile; fileRef = D60BF9FD23551A7600BAEC56 /* uploadPhotoButton.swift */; };
		D611EEF0234D470C009B279C /* CompareButton.swift in Sources */ = {isa = PBXBuildFile; fileRef = D611EEEF234D470C009B279C /* CompareButton.swift */; };
		D61B4FE92336B43A00B284E2 /* MainScreenCell.xib in Resources */ = {isa = PBXBuildFile; fileRef = D61B4FE82336B43A00B284E2 /* MainScreenCell.xib */; };
		D61B4FEC2336B58300B284E2 /* MainScreenCell.swift in Sources */ = {isa = PBXBuildFile; fileRef = D61B4FEB2336B58300B284E2 /* MainScreenCell.swift */; };
		D61B4FEE2336B8BE00B284E2 /* MainScreenModel.swift in Sources */ = {isa = PBXBuildFile; fileRef = D61B4FED2336B8BE00B284E2 /* MainScreenModel.swift */; };
		D61B4FF02336B91000B284E2 /* MainScreenViewModel.swift in Sources */ = {isa = PBXBuildFile; fileRef = D61B4FEF2336B91000B284E2 /* MainScreenViewModel.swift */; };
		D6322C58236103920071088D /* CropFunctionHelpers.swift in Sources */ = {isa = PBXBuildFile; fileRef = D6322C57236103920071088D /* CropFunctionHelpers.swift */; };
		D6322C5A23610BF10071088D /* CropAreaView.swift in Sources */ = {isa = PBXBuildFile; fileRef = D6322C5923610BF10071088D /* CropAreaView.swift */; };
		D63AF13C23600F36008EB47A /* Crop+MergeVC.swift in Sources */ = {isa = PBXBuildFile; fileRef = D63AF13B23600F36008EB47A /* Crop+MergeVC.swift */; };
		D65525B0234820B2002F70F2 /* CoreDataFunctions.swift in Sources */ = {isa = PBXBuildFile; fileRef = D65525AF234820B2002F70F2 /* CoreDataFunctions.swift */; };
		D66ACF1D237202DA00E3EB48 /* DropDownStorageOptionView.swift in Sources */ = {isa = PBXBuildFile; fileRef = D66ACF1C237202DA00E3EB48 /* DropDownStorageOptionView.swift */; };
		D68A0143233C2182008933D7 /* PhotoComparator.xcdatamodeld in Sources */ = {isa = PBXBuildFile; fileRef = D68A0141233C2182008933D7 /* PhotoComparator.xcdatamodeld */; };
		D6988CB323398CDC006A7F8A /* PhotoImportCell.xib in Resources */ = {isa = PBXBuildFile; fileRef = D6988CB223398CDC006A7F8A /* PhotoImportCell.xib */; };
		D6988CB5233990C3006A7F8A /* PhotoImportCell.swift in Sources */ = {isa = PBXBuildFile; fileRef = D6988CB4233990C3006A7F8A /* PhotoImportCell.swift */; };
		D6988CB723399232006A7F8A /* PhotoImportViewModel.swift in Sources */ = {isa = PBXBuildFile; fileRef = D6988CB623399232006A7F8A /* PhotoImportViewModel.swift */; };
		D69F5B4123345BB4001FDBC6 /* AppDelegate.swift in Sources */ = {isa = PBXBuildFile; fileRef = D69F5B4023345BB4001FDBC6 /* AppDelegate.swift */; };
		D69F5B4823345BB5001FDBC6 /* Assets.xcassets in Resources */ = {isa = PBXBuildFile; fileRef = D69F5B4723345BB5001FDBC6 /* Assets.xcassets */; };
		D69F5B4B23345BB5001FDBC6 /* LaunchScreen.storyboard in Resources */ = {isa = PBXBuildFile; fileRef = D69F5B4923345BB5001FDBC6 /* LaunchScreen.storyboard */; };
		D69F5B5623345BB5001FDBC6 /* PhotoComparatorTests.swift in Sources */ = {isa = PBXBuildFile; fileRef = D69F5B5523345BB5001FDBC6 /* PhotoComparatorTests.swift */; };
		D69F5B6123345BB5001FDBC6 /* PhotoComparatorUITests.swift in Sources */ = {isa = PBXBuildFile; fileRef = D69F5B6023345BB5001FDBC6 /* PhotoComparatorUITests.swift */; };
		D69F5B6F23345C93001FDBC6 /* MainScreenVC.swift in Sources */ = {isa = PBXBuildFile; fileRef = D69F5B6E23345C93001FDBC6 /* MainScreenVC.swift */; };
		D69F5B7123345D37001FDBC6 /* Extensions.swift in Sources */ = {isa = PBXBuildFile; fileRef = D69F5B7023345D37001FDBC6 /* Extensions.swift */; };
		D69F5B7723346065001FDBC6 /* PicturedObject.swift in Sources */ = {isa = PBXBuildFile; fileRef = D69F5B7623346065001FDBC6 /* PicturedObject.swift */; };
		D69F5B7B2334743F001FDBC6 /* CloudKit.framework in Frameworks */ = {isa = PBXBuildFile; fileRef = D69F5B7A2334743F001FDBC6 /* CloudKit.framework */; };
		D69F5B8123347DDB001FDBC6 /* ionicon.swift in Sources */ = {isa = PBXBuildFile; fileRef = D69F5B7D23347DDB001FDBC6 /* ionicon.swift */; };
		D69F5B8223347DDB001FDBC6 /* ionicons.ttf in Resources */ = {isa = PBXBuildFile; fileRef = D69F5B7E23347DDB001FDBC6 /* ionicons.ttf */; };
		D69F5B8323347DDB001FDBC6 /* ionicons.bundle in Resources */ = {isa = PBXBuildFile; fileRef = D69F5B7F23347DDB001FDBC6 /* ionicons.bundle */; };
		D69F5B8423347DDB001FDBC6 /* ionicons.swift in Sources */ = {isa = PBXBuildFile; fileRef = D69F5B8023347DDB001FDBC6 /* ionicons.swift */; };
		D69F5B8623348239001FDBC6 /* PhotoImportVC.swift in Sources */ = {isa = PBXBuildFile; fileRef = D69F5B8523348239001FDBC6 /* PhotoImportVC.swift */; };
		D6A58965236B5F8000D86F42 /* CollectionListVC.swift in Sources */ = {isa = PBXBuildFile; fileRef = D6A58964236B5F8000D86F42 /* CollectionListVC.swift */; };
		D6C58CB9238355C8003D560B /* UploadProgressView.swift in Sources */ = {isa = PBXBuildFile; fileRef = D6C58CB8238355C8003D560B /* UploadProgressView.swift */; };
		D6C75698233F1703003D1931 /* PhotoCollectionCell.swift in Sources */ = {isa = PBXBuildFile; fileRef = D6C75697233F1703003D1931 /* PhotoCollectionCell.swift */; };
		D6C7569A233F1713003D1931 /* PhotoCollectionObject.swift in Sources */ = {isa = PBXBuildFile; fileRef = D6C75699233F1713003D1931 /* PhotoCollectionObject.swift */; };
		D6C7569C233F1720003D1931 /* PhotoCollectionViewModel.swift in Sources */ = {isa = PBXBuildFile; fileRef = D6C7569B233F1720003D1931 /* PhotoCollectionViewModel.swift */; };
		D6C7569F233F193E003D1931 /* HeaderCell.swift in Sources */ = {isa = PBXBuildFile; fileRef = D6C7569E233F193E003D1931 /* HeaderCell.swift */; };
		D6C756A1233F194F003D1931 /* HeaderModel.swift in Sources */ = {isa = PBXBuildFile; fileRef = D6C756A0233F194F003D1931 /* HeaderModel.swift */; };
		D6C756A3233F1958003D1931 /* HeaderViewModel.swift in Sources */ = {isa = PBXBuildFile; fileRef = D6C756A2233F1958003D1931 /* HeaderViewModel.swift */; };
		D6C756A5233F1964003D1931 /* HeaderCell.xib in Resources */ = {isa = PBXBuildFile; fileRef = D6C756A4233F1964003D1931 /* HeaderCell.xib */; };
		D6C756A7233F1CBC003D1931 /* PhotoCollectionVC.swift in Sources */ = {isa = PBXBuildFile; fileRef = D6C756A6233F1CBC003D1931 /* PhotoCollectionVC.swift */; };
		D6CAEBDA233F027400C559A6 /* PhotoCollectionCell.xib in Resources */ = {isa = PBXBuildFile; fileRef = D6CAEBD9233F027400C559A6 /* PhotoCollectionCell.xib */; };
		D6D51383235A3D1400F90274 /* CloudKitError.swift in Sources */ = {isa = PBXBuildFile; fileRef = D6D51382235A3D1400F90274 /* CloudKitError.swift */; };
		D6D51385235A552F00F90274 /* CollectionFolderModel.swift in Sources */ = {isa = PBXBuildFile; fileRef = D6D51384235A552F00F90274 /* CollectionFolderModel.swift */; };
		D6DC03ED236CF33800D444EC /* TextMessageComposer.swift in Sources */ = {isa = PBXBuildFile; fileRef = D6DC03EC236CF33800D444EC /* TextMessageComposer.swift */; };
		D6DD55C62362701600064E08 /* Crop+Merge_FinishVC.swift in Sources */ = {isa = PBXBuildFile; fileRef = D6DD55C52362701600064E08 /* Crop+Merge_FinishVC.swift */; };
		D6EC7D2D2352D0F400E70CF6 /* CloudKitFunctions.swift in Sources */ = {isa = PBXBuildFile; fileRef = D6EC7D2C2352D0F400E70CF6 /* CloudKitFunctions.swift */; };
/* End PBXBuildFile section */

/* Begin PBXContainerItemProxy section */
		D69F5B5223345BB5001FDBC6 /* PBXContainerItemProxy */ = {
			isa = PBXContainerItemProxy;
			containerPortal = D69F5B3523345BB4001FDBC6 /* Project object */;
			proxyType = 1;
			remoteGlobalIDString = D69F5B3C23345BB4001FDBC6;
			remoteInfo = PhotoComparator;
		};
		D69F5B5D23345BB5001FDBC6 /* PBXContainerItemProxy */ = {
			isa = PBXContainerItemProxy;
			containerPortal = D69F5B3523345BB4001FDBC6 /* Project object */;
			proxyType = 1;
			remoteGlobalIDString = D69F5B3C23345BB4001FDBC6;
			remoteInfo = PhotoComparator;
		};
/* End PBXContainerItemProxy section */

/* Begin PBXFileReference section */
		1A9D115F6C88594B505567F9 /* Pods_PhotoComparatorTests.framework */ = {isa = PBXFileReference; explicitFileType = wrapper.framework; includeInIndex = 0; path = Pods_PhotoComparatorTests.framework; sourceTree = BUILT_PRODUCTS_DIR; };
		44724EADB96EBB1CF34B443B /* Pods_PhotoComparatorUITests.framework */ = {isa = PBXFileReference; explicitFileType = wrapper.framework; includeInIndex = 0; path = Pods_PhotoComparatorUITests.framework; sourceTree = BUILT_PRODUCTS_DIR; };
		65C6141D39240E4CC28D5E8B /* Pods-PhotoComparator.debug.xcconfig */ = {isa = PBXFileReference; includeInIndex = 1; lastKnownFileType = text.xcconfig; name = "Pods-PhotoComparator.debug.xcconfig"; path = "Target Support Files/Pods-PhotoComparator/Pods-PhotoComparator.debug.xcconfig"; sourceTree = "<group>"; };
		711B57C28B93B8A54E2382C6 /* Pods_PhotoComparator.framework */ = {isa = PBXFileReference; explicitFileType = wrapper.framework; includeInIndex = 0; path = Pods_PhotoComparator.framework; sourceTree = BUILT_PRODUCTS_DIR; };
		9234885F21FA6608EC187DC4 /* Pods-PhotoComparatorUITests.debug.xcconfig */ = {isa = PBXFileReference; includeInIndex = 1; lastKnownFileType = text.xcconfig; name = "Pods-PhotoComparatorUITests.debug.xcconfig"; path = "Target Support Files/Pods-PhotoComparatorUITests/Pods-PhotoComparatorUITests.debug.xcconfig"; sourceTree = "<group>"; };
		9DA872603DD13BDD813C50E4 /* Pods-PhotoComparatorTests.release.xcconfig */ = {isa = PBXFileReference; includeInIndex = 1; lastKnownFileType = text.xcconfig; name = "Pods-PhotoComparatorTests.release.xcconfig"; path = "Target Support Files/Pods-PhotoComparatorTests/Pods-PhotoComparatorTests.release.xcconfig"; sourceTree = "<group>"; };
		C684B0C0E00D5978AE5ED293 /* Pods-PhotoComparatorUITests.release.xcconfig */ = {isa = PBXFileReference; includeInIndex = 1; lastKnownFileType = text.xcconfig; name = "Pods-PhotoComparatorUITests.release.xcconfig"; path = "Target Support Files/Pods-PhotoComparatorUITests/Pods-PhotoComparatorUITests.release.xcconfig"; sourceTree = "<group>"; };
		D6042733234BEFF80087A76B /* ViewPhotoModeVC.swift */ = {isa = PBXFileReference; lastKnownFileType = sourcecode.swift; path = ViewPhotoModeVC.swift; sourceTree = "<group>"; };
		D6042738234BF1E90087A76B /* ViewPhoto_View.swift */ = {isa = PBXFileReference; lastKnownFileType = sourcecode.swift; path = ViewPhoto_View.swift; sourceTree = "<group>"; };
		D60BF9FD23551A7600BAEC56 /* uploadPhotoButton.swift */ = {isa = PBXFileReference; lastKnownFileType = sourcecode.swift; path = uploadPhotoButton.swift; sourceTree = "<group>"; };
		D611EEEF234D470C009B279C /* CompareButton.swift */ = {isa = PBXFileReference; lastKnownFileType = sourcecode.swift; path = CompareButton.swift; sourceTree = "<group>"; };
		D61B4FE82336B43A00B284E2 /* MainScreenCell.xib */ = {isa = PBXFileReference; lastKnownFileType = file.xib; path = MainScreenCell.xib; sourceTree = "<group>"; };
		D61B4FEB2336B58300B284E2 /* MainScreenCell.swift */ = {isa = PBXFileReference; lastKnownFileType = sourcecode.swift; path = MainScreenCell.swift; sourceTree = "<group>"; };
		D61B4FED2336B8BE00B284E2 /* MainScreenModel.swift */ = {isa = PBXFileReference; lastKnownFileType = sourcecode.swift; path = MainScreenModel.swift; sourceTree = "<group>"; };
		D61B4FEF2336B91000B284E2 /* MainScreenViewModel.swift */ = {isa = PBXFileReference; lastKnownFileType = sourcecode.swift; path = MainScreenViewModel.swift; sourceTree = "<group>"; };
		D6322C57236103920071088D /* CropFunctionHelpers.swift */ = {isa = PBXFileReference; lastKnownFileType = sourcecode.swift; path = CropFunctionHelpers.swift; sourceTree = "<group>"; };
		D6322C5923610BF10071088D /* CropAreaView.swift */ = {isa = PBXFileReference; lastKnownFileType = sourcecode.swift; path = CropAreaView.swift; sourceTree = "<group>"; };
		D63AF13B23600F36008EB47A /* Crop+MergeVC.swift */ = {isa = PBXFileReference; lastKnownFileType = sourcecode.swift; path = "Crop+MergeVC.swift"; sourceTree = "<group>"; };
		D65525AF234820B2002F70F2 /* CoreDataFunctions.swift */ = {isa = PBXFileReference; lastKnownFileType = sourcecode.swift; path = CoreDataFunctions.swift; sourceTree = "<group>"; };
		D66ACF1C237202DA00E3EB48 /* DropDownStorageOptionView.swift */ = {isa = PBXFileReference; lastKnownFileType = sourcecode.swift; path = DropDownStorageOptionView.swift; sourceTree = "<group>"; };
		D68A0142233C2182008933D7 /* PhotoComparator.xcdatamodel */ = {isa = PBXFileReference; lastKnownFileType = wrapper.xcdatamodel; path = PhotoComparator.xcdatamodel; sourceTree = "<group>"; };
		D6988CB223398CDC006A7F8A /* PhotoImportCell.xib */ = {isa = PBXFileReference; lastKnownFileType = file.xib; path = PhotoImportCell.xib; sourceTree = "<group>"; };
		D6988CB4233990C3006A7F8A /* PhotoImportCell.swift */ = {isa = PBXFileReference; lastKnownFileType = sourcecode.swift; path = PhotoImportCell.swift; sourceTree = "<group>"; };
		D6988CB623399232006A7F8A /* PhotoImportViewModel.swift */ = {isa = PBXFileReference; lastKnownFileType = sourcecode.swift; path = PhotoImportViewModel.swift; sourceTree = "<group>"; };
		D69F5B3D23345BB4001FDBC6 /* PhotoComparator.app */ = {isa = PBXFileReference; explicitFileType = wrapper.application; includeInIndex = 0; path = PhotoComparator.app; sourceTree = BUILT_PRODUCTS_DIR; };
		D69F5B4023345BB4001FDBC6 /* AppDelegate.swift */ = {isa = PBXFileReference; lastKnownFileType = sourcecode.swift; path = AppDelegate.swift; sourceTree = "<group>"; };
		D69F5B4723345BB5001FDBC6 /* Assets.xcassets */ = {isa = PBXFileReference; lastKnownFileType = folder.assetcatalog; path = Assets.xcassets; sourceTree = "<group>"; };
		D69F5B4A23345BB5001FDBC6 /* Base */ = {isa = PBXFileReference; lastKnownFileType = file.storyboard; name = Base; path = Base.lproj/LaunchScreen.storyboard; sourceTree = "<group>"; };
		D69F5B4C23345BB5001FDBC6 /* Info.plist */ = {isa = PBXFileReference; lastKnownFileType = text.plist.xml; path = Info.plist; sourceTree = "<group>"; };
		D69F5B5123345BB5001FDBC6 /* PhotoComparatorTests.xctest */ = {isa = PBXFileReference; explicitFileType = wrapper.cfbundle; includeInIndex = 0; path = PhotoComparatorTests.xctest; sourceTree = BUILT_PRODUCTS_DIR; };
		D69F5B5523345BB5001FDBC6 /* PhotoComparatorTests.swift */ = {isa = PBXFileReference; lastKnownFileType = sourcecode.swift; path = PhotoComparatorTests.swift; sourceTree = "<group>"; };
		D69F5B5723345BB5001FDBC6 /* Info.plist */ = {isa = PBXFileReference; lastKnownFileType = text.plist.xml; path = Info.plist; sourceTree = "<group>"; };
		D69F5B5C23345BB5001FDBC6 /* PhotoComparatorUITests.xctest */ = {isa = PBXFileReference; explicitFileType = wrapper.cfbundle; includeInIndex = 0; path = PhotoComparatorUITests.xctest; sourceTree = BUILT_PRODUCTS_DIR; };
		D69F5B6023345BB5001FDBC6 /* PhotoComparatorUITests.swift */ = {isa = PBXFileReference; lastKnownFileType = sourcecode.swift; path = PhotoComparatorUITests.swift; sourceTree = "<group>"; };
		D69F5B6223345BB5001FDBC6 /* Info.plist */ = {isa = PBXFileReference; lastKnownFileType = text.plist.xml; path = Info.plist; sourceTree = "<group>"; };
		D69F5B6E23345C93001FDBC6 /* MainScreenVC.swift */ = {isa = PBXFileReference; lastKnownFileType = sourcecode.swift; path = MainScreenVC.swift; sourceTree = "<group>"; };
		D69F5B7023345D37001FDBC6 /* Extensions.swift */ = {isa = PBXFileReference; lastKnownFileType = sourcecode.swift; path = Extensions.swift; sourceTree = "<group>"; };
		D69F5B7623346065001FDBC6 /* PicturedObject.swift */ = {isa = PBXFileReference; lastKnownFileType = sourcecode.swift; path = PicturedObject.swift; sourceTree = "<group>"; };
		D69F5B782334735E001FDBC6 /* PhotoComparator.entitlements */ = {isa = PBXFileReference; lastKnownFileType = text.plist.entitlements; path = PhotoComparator.entitlements; sourceTree = "<group>"; };
		D69F5B7A2334743F001FDBC6 /* CloudKit.framework */ = {isa = PBXFileReference; lastKnownFileType = wrapper.framework; name = CloudKit.framework; path = System/Library/Frameworks/CloudKit.framework; sourceTree = SDKROOT; };
		D69F5B7D23347DDB001FDBC6 /* ionicon.swift */ = {isa = PBXFileReference; fileEncoding = 4; lastKnownFileType = sourcecode.swift; path = ionicon.swift; sourceTree = "<group>"; };
		D69F5B7E23347DDB001FDBC6 /* ionicons.ttf */ = {isa = PBXFileReference; lastKnownFileType = file; path = ionicons.ttf; sourceTree = "<group>"; };
		D69F5B7F23347DDB001FDBC6 /* ionicons.bundle */ = {isa = PBXFileReference; lastKnownFileType = "wrapper.plug-in"; path = ionicons.bundle; sourceTree = "<group>"; };
		D69F5B8023347DDB001FDBC6 /* ionicons.swift */ = {isa = PBXFileReference; fileEncoding = 4; lastKnownFileType = sourcecode.swift; path = ionicons.swift; sourceTree = "<group>"; };
		D69F5B8523348239001FDBC6 /* PhotoImportVC.swift */ = {isa = PBXFileReference; lastKnownFileType = sourcecode.swift; path = PhotoImportVC.swift; sourceTree = "<group>"; };
		D6A58964236B5F8000D86F42 /* CollectionListVC.swift */ = {isa = PBXFileReference; lastKnownFileType = sourcecode.swift; path = CollectionListVC.swift; sourceTree = "<group>"; };
		D6C58CB8238355C8003D560B /* UploadProgressView.swift */ = {isa = PBXFileReference; lastKnownFileType = sourcecode.swift; path = UploadProgressView.swift; sourceTree = "<group>"; };
		D6C75697233F1703003D1931 /* PhotoCollectionCell.swift */ = {isa = PBXFileReference; lastKnownFileType = sourcecode.swift; path = PhotoCollectionCell.swift; sourceTree = "<group>"; };
		D6C75699233F1713003D1931 /* PhotoCollectionObject.swift */ = {isa = PBXFileReference; lastKnownFileType = sourcecode.swift; path = PhotoCollectionObject.swift; sourceTree = "<group>"; };
		D6C7569B233F1720003D1931 /* PhotoCollectionViewModel.swift */ = {isa = PBXFileReference; lastKnownFileType = sourcecode.swift; path = PhotoCollectionViewModel.swift; sourceTree = "<group>"; };
		D6C7569E233F193E003D1931 /* HeaderCell.swift */ = {isa = PBXFileReference; lastKnownFileType = sourcecode.swift; path = HeaderCell.swift; sourceTree = "<group>"; };
		D6C756A0233F194F003D1931 /* HeaderModel.swift */ = {isa = PBXFileReference; lastKnownFileType = sourcecode.swift; path = HeaderModel.swift; sourceTree = "<group>"; };
		D6C756A2233F1958003D1931 /* HeaderViewModel.swift */ = {isa = PBXFileReference; lastKnownFileType = sourcecode.swift; path = HeaderViewModel.swift; sourceTree = "<group>"; };
		D6C756A4233F1964003D1931 /* HeaderCell.xib */ = {isa = PBXFileReference; lastKnownFileType = file.xib; path = HeaderCell.xib; sourceTree = "<group>"; };
		D6C756A6233F1CBC003D1931 /* PhotoCollectionVC.swift */ = {isa = PBXFileReference; lastKnownFileType = sourcecode.swift; path = PhotoCollectionVC.swift; sourceTree = "<group>"; };
		D6CAEBD9233F027400C559A6 /* PhotoCollectionCell.xib */ = {isa = PBXFileReference; lastKnownFileType = file.xib; path = PhotoCollectionCell.xib; sourceTree = "<group>"; };
		D6D51382235A3D1400F90274 /* CloudKitError.swift */ = {isa = PBXFileReference; lastKnownFileType = sourcecode.swift; path = CloudKitError.swift; sourceTree = "<group>"; };
		D6D51384235A552F00F90274 /* CollectionFolderModel.swift */ = {isa = PBXFileReference; lastKnownFileType = sourcecode.swift; path = CollectionFolderModel.swift; sourceTree = "<group>"; };
		D6DC03EC236CF33800D444EC /* TextMessageComposer.swift */ = {isa = PBXFileReference; lastKnownFileType = sourcecode.swift; path = TextMessageComposer.swift; sourceTree = "<group>"; };
		D6DD55C52362701600064E08 /* Crop+Merge_FinishVC.swift */ = {isa = PBXFileReference; lastKnownFileType = sourcecode.swift; path = "Crop+Merge_FinishVC.swift"; sourceTree = "<group>"; };
		D6EC7D2C2352D0F400E70CF6 /* CloudKitFunctions.swift */ = {isa = PBXFileReference; lastKnownFileType = sourcecode.swift; path = CloudKitFunctions.swift; sourceTree = "<group>"; };
		D7013F598238D1C79E168AD8 /* Pods-PhotoComparator.release.xcconfig */ = {isa = PBXFileReference; includeInIndex = 1; lastKnownFileType = text.xcconfig; name = "Pods-PhotoComparator.release.xcconfig"; path = "Target Support Files/Pods-PhotoComparator/Pods-PhotoComparator.release.xcconfig"; sourceTree = "<group>"; };
		D79989F3FB614EDAB76C1494 /* Pods-PhotoComparatorTests.debug.xcconfig */ = {isa = PBXFileReference; includeInIndex = 1; lastKnownFileType = text.xcconfig; name = "Pods-PhotoComparatorTests.debug.xcconfig"; path = "Target Support Files/Pods-PhotoComparatorTests/Pods-PhotoComparatorTests.debug.xcconfig"; sourceTree = "<group>"; };
/* End PBXFileReference section */

/* Begin PBXFrameworksBuildPhase section */
		D69F5B3A23345BB4001FDBC6 /* Frameworks */ = {
			isa = PBXFrameworksBuildPhase;
			buildActionMask = 2147483647;
			files = (
				D69F5B7B2334743F001FDBC6 /* CloudKit.framework in Frameworks */,
				34EE20FCE56F17112A3D6A94 /* Pods_PhotoComparator.framework in Frameworks */,
			);
			runOnlyForDeploymentPostprocessing = 0;
		};
		D69F5B4E23345BB5001FDBC6 /* Frameworks */ = {
			isa = PBXFrameworksBuildPhase;
			buildActionMask = 2147483647;
			files = (
				D4BFE4FF4EDCFC76867EC1B1 /* Pods_PhotoComparatorTests.framework in Frameworks */,
			);
			runOnlyForDeploymentPostprocessing = 0;
		};
		D69F5B5923345BB5001FDBC6 /* Frameworks */ = {
			isa = PBXFrameworksBuildPhase;
			buildActionMask = 2147483647;
			files = (
				7DE2CEE716268AD79B41AE8D /* Pods_PhotoComparatorUITests.framework in Frameworks */,
			);
			runOnlyForDeploymentPostprocessing = 0;
		};
/* End PBXFrameworksBuildPhase section */

/* Begin PBXGroup section */
		2BF4C70D77024136243622AC /* Pods */ = {
			isa = PBXGroup;
			children = (
				65C6141D39240E4CC28D5E8B /* Pods-PhotoComparator.debug.xcconfig */,
				D7013F598238D1C79E168AD8 /* Pods-PhotoComparator.release.xcconfig */,
				D79989F3FB614EDAB76C1494 /* Pods-PhotoComparatorTests.debug.xcconfig */,
				9DA872603DD13BDD813C50E4 /* Pods-PhotoComparatorTests.release.xcconfig */,
				9234885F21FA6608EC187DC4 /* Pods-PhotoComparatorUITests.debug.xcconfig */,
				C684B0C0E00D5978AE5ED293 /* Pods-PhotoComparatorUITests.release.xcconfig */,
			);
			path = Pods;
			sourceTree = "<group>";
		};
		D6042735234BF10B0087A76B /* ViewPhoto */ = {
			isa = PBXGroup;
			children = (
				D6042738234BF1E90087A76B /* ViewPhoto_View.swift */,
				D611EEEF234D470C009B279C /* CompareButton.swift */,
			);
			path = ViewPhoto;
			sourceTree = "<group>";
		};
		D61B4FEA2336B54F00B284E2 /* MainScreen */ = {
			isa = PBXGroup;
			children = (
				D61B4FE82336B43A00B284E2 /* MainScreenCell.xib */,
				D61B4FEB2336B58300B284E2 /* MainScreenCell.swift */,
				D61B4FED2336B8BE00B284E2 /* MainScreenModel.swift */,
				D61B4FEF2336B91000B284E2 /* MainScreenViewModel.swift */,
				D66ACF1C237202DA00E3EB48 /* DropDownStorageOptionView.swift */,
			);
			path = MainScreen;
			sourceTree = "<group>";
		};
		D6322C5B23610BF70071088D /* Crop */ = {
			isa = PBXGroup;
			children = (
				D6322C57236103920071088D /* CropFunctionHelpers.swift */,
				D6322C5923610BF10071088D /* CropAreaView.swift */,
			);
			path = Crop;
			sourceTree = "<group>";
		};
		D65525B123482FB7002F70F2 /* Service Files */ = {
			isa = PBXGroup;
			children = (
				D69F5B7023345D37001FDBC6 /* Extensions.swift */,
				D6DC03EC236CF33800D444EC /* TextMessageComposer.swift */,
				D6D51386235A556300F90274 /* CloudKitOperations */,
				D682D7552373967B00C6D9BA /* Core Data Operations */,
				D6322C5B23610BF70071088D /* Crop */,
			);
			path = "Service Files";
			sourceTree = "<group>";
		};
		D682D7552373967B00C6D9BA /* Core Data Operations */ = {
			isa = PBXGroup;
			children = (
				D68A0141233C2182008933D7 /* PhotoComparator.xcdatamodeld */,
				D65525AF234820B2002F70F2 /* CoreDataFunctions.swift */,
			);
			path = "Core Data Operations";
			sourceTree = "<group>";
		};
		D6988CB123398BF0006A7F8A /* PhotoUpload */ = {
			isa = PBXGroup;
			children = (
				D6988CB223398CDC006A7F8A /* PhotoImportCell.xib */,
				D6988CB4233990C3006A7F8A /* PhotoImportCell.swift */,
				D69F5B7623346065001FDBC6 /* PicturedObject.swift */,
				D6988CB623399232006A7F8A /* PhotoImportViewModel.swift */,
				D60BF9FD23551A7600BAEC56 /* uploadPhotoButton.swift */,
				D6C58CB8238355C8003D560B /* UploadProgressView.swift */,
			);
			path = PhotoUpload;
			sourceTree = "<group>";
		};
		D69F5B3423345BB4001FDBC6 = {
			isa = PBXGroup;
			children = (
				D69F5B3F23345BB4001FDBC6 /* PhotoComparator */,
				D69F5B5423345BB5001FDBC6 /* PhotoComparatorTests */,
				D69F5B5F23345BB5001FDBC6 /* PhotoComparatorUITests */,
				D69F5B3E23345BB4001FDBC6 /* Products */,
				D69F5B792334743F001FDBC6 /* Frameworks */,
				2BF4C70D77024136243622AC /* Pods */,
			);
			sourceTree = "<group>";
		};
		D69F5B3E23345BB4001FDBC6 /* Products */ = {
			isa = PBXGroup;
			children = (
				D69F5B3D23345BB4001FDBC6 /* PhotoComparator.app */,
				D69F5B5123345BB5001FDBC6 /* PhotoComparatorTests.xctest */,
				D69F5B5C23345BB5001FDBC6 /* PhotoComparatorUITests.xctest */,
			);
			name = Products;
			sourceTree = "<group>";
		};
		D69F5B3F23345BB4001FDBC6 /* PhotoComparator */ = {
			isa = PBXGroup;
			children = (
				D69F5B782334735E001FDBC6 /* PhotoComparator.entitlements */,
				D69F5B7523345D86001FDBC6 /* Components */,
				D69F5B7323345D72001FDBC6 /* Controllers */,
				D65525B123482FB7002F70F2 /* Service Files */,
				D69F5B7223345D50001FDBC6 /* SupportingFiles */,
			);
			path = PhotoComparator;
			sourceTree = "<group>";
		};
		D69F5B5423345BB5001FDBC6 /* PhotoComparatorTests */ = {
			isa = PBXGroup;
			children = (
				D69F5B5523345BB5001FDBC6 /* PhotoComparatorTests.swift */,
				D69F5B5723345BB5001FDBC6 /* Info.plist */,
			);
			path = PhotoComparatorTests;
			sourceTree = "<group>";
		};
		D69F5B5F23345BB5001FDBC6 /* PhotoComparatorUITests */ = {
			isa = PBXGroup;
			children = (
				D69F5B6023345BB5001FDBC6 /* PhotoComparatorUITests.swift */,
				D69F5B6223345BB5001FDBC6 /* Info.plist */,
			);
			path = PhotoComparatorUITests;
			sourceTree = "<group>";
		};
		D69F5B7223345D50001FDBC6 /* SupportingFiles */ = {
			isa = PBXGroup;
			children = (
				D69F5B7C23347DDB001FDBC6 /* IonIcons */,
				D69F5B4023345BB4001FDBC6 /* AppDelegate.swift */,
				D69F5B4723345BB5001FDBC6 /* Assets.xcassets */,
				D69F5B4923345BB5001FDBC6 /* LaunchScreen.storyboard */,
				D69F5B4C23345BB5001FDBC6 /* Info.plist */,
			);
			name = SupportingFiles;
			sourceTree = "<group>";
		};
		D69F5B7323345D72001FDBC6 /* Controllers */ = {
			isa = PBXGroup;
			children = (
				D69F5B6E23345C93001FDBC6 /* MainScreenVC.swift */,
				D69F5B8523348239001FDBC6 /* PhotoImportVC.swift */,
				D6C756A6233F1CBC003D1931 /* PhotoCollectionVC.swift */,
				D6042733234BEFF80087A76B /* ViewPhotoModeVC.swift */,
				D63AF13B23600F36008EB47A /* Crop+MergeVC.swift */,
				D6DD55C52362701600064E08 /* Crop+Merge_FinishVC.swift */,
				D6A58964236B5F8000D86F42 /* CollectionListVC.swift */,
			);
			name = Controllers;
			sourceTree = "<group>";
		};
		D69F5B7523345D86001FDBC6 /* Components */ = {
			isa = PBXGroup;
			children = (
				D6042735234BF10B0087A76B /* ViewPhoto */,
				D6C7569D233F192F003D1931 /* Header */,
				D6CAEBD8233F025C00C559A6 /* Photo Collection */,
				D6988CB123398BF0006A7F8A /* PhotoUpload */,
				D61B4FEA2336B54F00B284E2 /* MainScreen */,
			);
			path = Components;
			sourceTree = "<group>";
		};
		D69F5B792334743F001FDBC6 /* Frameworks */ = {
			isa = PBXGroup;
			children = (
				D69F5B7A2334743F001FDBC6 /* CloudKit.framework */,
				711B57C28B93B8A54E2382C6 /* Pods_PhotoComparator.framework */,
				1A9D115F6C88594B505567F9 /* Pods_PhotoComparatorTests.framework */,
				44724EADB96EBB1CF34B443B /* Pods_PhotoComparatorUITests.framework */,
			);
			name = Frameworks;
			sourceTree = "<group>";
		};
		D69F5B7C23347DDB001FDBC6 /* IonIcons */ = {
			isa = PBXGroup;
			children = (
				D69F5B7D23347DDB001FDBC6 /* ionicon.swift */,
				D69F5B7E23347DDB001FDBC6 /* ionicons.ttf */,
				D69F5B7F23347DDB001FDBC6 /* ionicons.bundle */,
				D69F5B8023347DDB001FDBC6 /* ionicons.swift */,
			);
			path = IonIcons;
			sourceTree = "<group>";
		};
		D6C7569D233F192F003D1931 /* Header */ = {
			isa = PBXGroup;
			children = (
				D6C756A4233F1964003D1931 /* HeaderCell.xib */,
				D6C7569E233F193E003D1931 /* HeaderCell.swift */,
				D6C756A0233F194F003D1931 /* HeaderModel.swift */,
				D6C756A2233F1958003D1931 /* HeaderViewModel.swift */,
			);
			path = Header;
			sourceTree = "<group>";
		};
		D6CAEBD8233F025C00C559A6 /* Photo Collection */ = {
			isa = PBXGroup;
			children = (
				D6CAEBD9233F027400C559A6 /* PhotoCollectionCell.xib */,
				D6C75697233F1703003D1931 /* PhotoCollectionCell.swift */,
				D6C75699233F1713003D1931 /* PhotoCollectionObject.swift */,
				D6C7569B233F1720003D1931 /* PhotoCollectionViewModel.swift */,
			);
			path = "Photo Collection";
			sourceTree = "<group>";
		};
		D6D51386235A556300F90274 /* CloudKitOperations */ = {
			isa = PBXGroup;
			children = (
				D6D51384235A552F00F90274 /* CollectionFolderModel.swift */,
				D6EC7D2C2352D0F400E70CF6 /* CloudKitFunctions.swift */,
				D6D51382235A3D1400F90274 /* CloudKitError.swift */,
			);
			path = CloudKitOperations;
			sourceTree = "<group>";
		};
/* End PBXGroup section */

/* Begin PBXNativeTarget section */
		D69F5B3C23345BB4001FDBC6 /* PhotoComparator */ = {
			isa = PBXNativeTarget;
			buildConfigurationList = D69F5B6523345BB5001FDBC6 /* Build configuration list for PBXNativeTarget "PhotoComparator" */;
			buildPhases = (
				96BEC0EE351DBE6E8991E819 /* [CP] Check Pods Manifest.lock */,
				D69F5B3923345BB4001FDBC6 /* Sources */,
				D69F5B3A23345BB4001FDBC6 /* Frameworks */,
				D69F5B3B23345BB4001FDBC6 /* Resources */,
				76D862D2B357F3D834730745 /* [CP] Embed Pods Frameworks */,
			);
			buildRules = (
			);
			dependencies = (
			);
			name = PhotoComparator;
			productName = PhotoComparator;
			productReference = D69F5B3D23345BB4001FDBC6 /* PhotoComparator.app */;
			productType = "com.apple.product-type.application";
		};
		D69F5B5023345BB5001FDBC6 /* PhotoComparatorTests */ = {
			isa = PBXNativeTarget;
			buildConfigurationList = D69F5B6823345BB5001FDBC6 /* Build configuration list for PBXNativeTarget "PhotoComparatorTests" */;
			buildPhases = (
				F5A2C79FD6BF2A1F8766C5F7 /* [CP] Check Pods Manifest.lock */,
				D69F5B4D23345BB5001FDBC6 /* Sources */,
				D69F5B4E23345BB5001FDBC6 /* Frameworks */,
				D69F5B4F23345BB5001FDBC6 /* Resources */,
			);
			buildRules = (
			);
			dependencies = (
				D69F5B5323345BB5001FDBC6 /* PBXTargetDependency */,
			);
			name = PhotoComparatorTests;
			productName = PhotoComparatorTests;
			productReference = D69F5B5123345BB5001FDBC6 /* PhotoComparatorTests.xctest */;
			productType = "com.apple.product-type.bundle.unit-test";
		};
		D69F5B5B23345BB5001FDBC6 /* PhotoComparatorUITests */ = {
			isa = PBXNativeTarget;
			buildConfigurationList = D69F5B6B23345BB5001FDBC6 /* Build configuration list for PBXNativeTarget "PhotoComparatorUITests" */;
			buildPhases = (
				52E300B8EFF1E0A3DC70557D /* [CP] Check Pods Manifest.lock */,
				D69F5B5823345BB5001FDBC6 /* Sources */,
				D69F5B5923345BB5001FDBC6 /* Frameworks */,
				D69F5B5A23345BB5001FDBC6 /* Resources */,
			);
			buildRules = (
			);
			dependencies = (
				D69F5B5E23345BB5001FDBC6 /* PBXTargetDependency */,
			);
			name = PhotoComparatorUITests;
			productName = PhotoComparatorUITests;
			productReference = D69F5B5C23345BB5001FDBC6 /* PhotoComparatorUITests.xctest */;
			productType = "com.apple.product-type.bundle.ui-testing";
		};
/* End PBXNativeTarget section */

/* Begin PBXProject section */
		D69F5B3523345BB4001FDBC6 /* Project object */ = {
			isa = PBXProject;
			attributes = {
				LastSwiftUpdateCheck = 1030;
				LastUpgradeCheck = 1030;
				ORGANIZATIONNAME = "Brendan Castro";
				TargetAttributes = {
					D69F5B3C23345BB4001FDBC6 = {
						CreatedOnToolsVersion = 10.3;
						SystemCapabilities = {
							com.apple.Push = {
								enabled = 1;
							};
							com.apple.iCloud = {
								enabled = 1;
							};
						};
					};
					D69F5B5023345BB5001FDBC6 = {
						CreatedOnToolsVersion = 10.3;
						TestTargetID = D69F5B3C23345BB4001FDBC6;
					};
					D69F5B5B23345BB5001FDBC6 = {
						CreatedOnToolsVersion = 10.3;
						TestTargetID = D69F5B3C23345BB4001FDBC6;
					};
				};
			};
			buildConfigurationList = D69F5B3823345BB4001FDBC6 /* Build configuration list for PBXProject "PhotoComparator" */;
			compatibilityVersion = "Xcode 9.3";
			developmentRegion = en;
			hasScannedForEncodings = 0;
			knownRegions = (
				en,
				Base,
			);
			mainGroup = D69F5B3423345BB4001FDBC6;
			productRefGroup = D69F5B3E23345BB4001FDBC6 /* Products */;
			projectDirPath = "";
			projectRoot = "";
			targets = (
				D69F5B3C23345BB4001FDBC6 /* PhotoComparator */,
				D69F5B5023345BB5001FDBC6 /* PhotoComparatorTests */,
				D69F5B5B23345BB5001FDBC6 /* PhotoComparatorUITests */,
			);
		};
/* End PBXProject section */

/* Begin PBXResourcesBuildPhase section */
		D69F5B3B23345BB4001FDBC6 /* Resources */ = {
			isa = PBXResourcesBuildPhase;
			buildActionMask = 2147483647;
			files = (
				D6C756A5233F1964003D1931 /* HeaderCell.xib in Resources */,
				D6CAEBDA233F027400C559A6 /* PhotoCollectionCell.xib in Resources */,
				D69F5B8223347DDB001FDBC6 /* ionicons.ttf in Resources */,
				D69F5B8323347DDB001FDBC6 /* ionicons.bundle in Resources */,
				D61B4FE92336B43A00B284E2 /* MainScreenCell.xib in Resources */,
				D6988CB323398CDC006A7F8A /* PhotoImportCell.xib in Resources */,
				D69F5B4B23345BB5001FDBC6 /* LaunchScreen.storyboard in Resources */,
				D69F5B4823345BB5001FDBC6 /* Assets.xcassets in Resources */,
			);
			runOnlyForDeploymentPostprocessing = 0;
		};
		D69F5B4F23345BB5001FDBC6 /* Resources */ = {
			isa = PBXResourcesBuildPhase;
			buildActionMask = 2147483647;
			files = (
			);
			runOnlyForDeploymentPostprocessing = 0;
		};
		D69F5B5A23345BB5001FDBC6 /* Resources */ = {
			isa = PBXResourcesBuildPhase;
			buildActionMask = 2147483647;
			files = (
			);
			runOnlyForDeploymentPostprocessing = 0;
		};
/* End PBXResourcesBuildPhase section */

/* Begin PBXShellScriptBuildPhase section */
		52E300B8EFF1E0A3DC70557D /* [CP] Check Pods Manifest.lock */ = {
			isa = PBXShellScriptBuildPhase;
			buildActionMask = 2147483647;
			files = (
			);
			inputFileListPaths = (
			);
			inputPaths = (
				"${PODS_PODFILE_DIR_PATH}/Podfile.lock",
				"${PODS_ROOT}/Manifest.lock",
			);
			name = "[CP] Check Pods Manifest.lock";
			outputFileListPaths = (
			);
			outputPaths = (
				"$(DERIVED_FILE_DIR)/Pods-PhotoComparatorUITests-checkManifestLockResult.txt",
			);
			runOnlyForDeploymentPostprocessing = 0;
			shellPath = /bin/sh;
			shellScript = "diff \"${PODS_PODFILE_DIR_PATH}/Podfile.lock\" \"${PODS_ROOT}/Manifest.lock\" > /dev/null\nif [ $? != 0 ] ; then\n    # print error to STDERR\n    echo \"error: The sandbox is not in sync with the Podfile.lock. Run 'pod install' or update your CocoaPods installation.\" >&2\n    exit 1\nfi\n# This output is used by Xcode 'outputs' to avoid re-running this script phase.\necho \"SUCCESS\" > \"${SCRIPT_OUTPUT_FILE_0}\"\n";
			showEnvVarsInLog = 0;
		};
		76D862D2B357F3D834730745 /* [CP] Embed Pods Frameworks */ = {
			isa = PBXShellScriptBuildPhase;
			buildActionMask = 2147483647;
			files = (
			);
			inputFileListPaths = (
				"${PODS_ROOT}/Target Support Files/Pods-PhotoComparator/Pods-PhotoComparator-frameworks-${CONFIGURATION}-input-files.xcfilelist",
			);
			name = "[CP] Embed Pods Frameworks";
			outputFileListPaths = (
				"${PODS_ROOT}/Target Support Files/Pods-PhotoComparator/Pods-PhotoComparator-frameworks-${CONFIGURATION}-output-files.xcfilelist",
			);
			runOnlyForDeploymentPostprocessing = 0;
			shellPath = /bin/sh;
			shellScript = "\"${PODS_ROOT}/Target Support Files/Pods-PhotoComparator/Pods-PhotoComparator-frameworks.sh\"\n";
			showEnvVarsInLog = 0;
		};
		96BEC0EE351DBE6E8991E819 /* [CP] Check Pods Manifest.lock */ = {
			isa = PBXShellScriptBuildPhase;
			buildActionMask = 2147483647;
			files = (
			);
			inputFileListPaths = (
			);
			inputPaths = (
				"${PODS_PODFILE_DIR_PATH}/Podfile.lock",
				"${PODS_ROOT}/Manifest.lock",
			);
			name = "[CP] Check Pods Manifest.lock";
			outputFileListPaths = (
			);
			outputPaths = (
				"$(DERIVED_FILE_DIR)/Pods-PhotoComparator-checkManifestLockResult.txt",
			);
			runOnlyForDeploymentPostprocessing = 0;
			shellPath = /bin/sh;
			shellScript = "diff \"${PODS_PODFILE_DIR_PATH}/Podfile.lock\" \"${PODS_ROOT}/Manifest.lock\" > /dev/null\nif [ $? != 0 ] ; then\n    # print error to STDERR\n    echo \"error: The sandbox is not in sync with the Podfile.lock. Run 'pod install' or update your CocoaPods installation.\" >&2\n    exit 1\nfi\n# This output is used by Xcode 'outputs' to avoid re-running this script phase.\necho \"SUCCESS\" > \"${SCRIPT_OUTPUT_FILE_0}\"\n";
			showEnvVarsInLog = 0;
		};
		F5A2C79FD6BF2A1F8766C5F7 /* [CP] Check Pods Manifest.lock */ = {
			isa = PBXShellScriptBuildPhase;
			buildActionMask = 2147483647;
			files = (
			);
			inputFileListPaths = (
			);
			inputPaths = (
				"${PODS_PODFILE_DIR_PATH}/Podfile.lock",
				"${PODS_ROOT}/Manifest.lock",
			);
			name = "[CP] Check Pods Manifest.lock";
			outputFileListPaths = (
			);
			outputPaths = (
				"$(DERIVED_FILE_DIR)/Pods-PhotoComparatorTests-checkManifestLockResult.txt",
			);
			runOnlyForDeploymentPostprocessing = 0;
			shellPath = /bin/sh;
			shellScript = "diff \"${PODS_PODFILE_DIR_PATH}/Podfile.lock\" \"${PODS_ROOT}/Manifest.lock\" > /dev/null\nif [ $? != 0 ] ; then\n    # print error to STDERR\n    echo \"error: The sandbox is not in sync with the Podfile.lock. Run 'pod install' or update your CocoaPods installation.\" >&2\n    exit 1\nfi\n# This output is used by Xcode 'outputs' to avoid re-running this script phase.\necho \"SUCCESS\" > \"${SCRIPT_OUTPUT_FILE_0}\"\n";
			showEnvVarsInLog = 0;
		};
/* End PBXShellScriptBuildPhase section */

/* Begin PBXSourcesBuildPhase section */
		D69F5B3923345BB4001FDBC6 /* Sources */ = {
			isa = PBXSourcesBuildPhase;
			buildActionMask = 2147483647;
			files = (
				D69F5B4123345BB4001FDBC6 /* AppDelegate.swift in Sources */,
				D63AF13C23600F36008EB47A /* Crop+MergeVC.swift in Sources */,
				D6A58965236B5F8000D86F42 /* CollectionListVC.swift in Sources */,
				D61B4FF02336B91000B284E2 /* MainScreenViewModel.swift in Sources */,
				D69F5B8123347DDB001FDBC6 /* ionicon.swift in Sources */,
				D6D51385235A552F00F90274 /* CollectionFolderModel.swift in Sources */,
				D61B4FEE2336B8BE00B284E2 /* MainScreenModel.swift in Sources */,
				D6EC7D2D2352D0F400E70CF6 /* CloudKitFunctions.swift in Sources */,
				D60BF9FE23551A7600BAEC56 /* uploadPhotoButton.swift in Sources */,
				D69F5B8623348239001FDBC6 /* PhotoImportVC.swift in Sources */,
				D6988CB723399232006A7F8A /* PhotoImportViewModel.swift in Sources */,
				D6C75698233F1703003D1931 /* PhotoCollectionCell.swift in Sources */,
				D68A0143233C2182008933D7 /* PhotoComparator.xcdatamodeld in Sources */,
				D69F5B7123345D37001FDBC6 /* Extensions.swift in Sources */,
				D611EEF0234D470C009B279C /* CompareButton.swift in Sources */,
				D6C756A7233F1CBC003D1931 /* PhotoCollectionVC.swift in Sources */,
				D6322C58236103920071088D /* CropFunctionHelpers.swift in Sources */,
				D69F5B8423347DDB001FDBC6 /* ionicons.swift in Sources */,
				D6C756A1233F194F003D1931 /* HeaderModel.swift in Sources */,
				D6C7569A233F1713003D1931 /* PhotoCollectionObject.swift in Sources */,
				D6C756A3233F1958003D1931 /* HeaderViewModel.swift in Sources */,
				D6D51383235A3D1400F90274 /* CloudKitError.swift in Sources */,
				D6C7569C233F1720003D1931 /* PhotoCollectionViewModel.swift in Sources */,
				D66ACF1D237202DA00E3EB48 /* DropDownStorageOptionView.swift in Sources */,
				D69F5B7723346065001FDBC6 /* PicturedObject.swift in Sources */,
				D61B4FEC2336B58300B284E2 /* MainScreenCell.swift in Sources */,
				D6988CB5233990C3006A7F8A /* PhotoImportCell.swift in Sources */,
				D6042739234BF1E90087A76B /* ViewPhoto_View.swift in Sources */,
				D65525B0234820B2002F70F2 /* CoreDataFunctions.swift in Sources */,
				D6DC03ED236CF33800D444EC /* TextMessageComposer.swift in Sources */,
				D6C7569F233F193E003D1931 /* HeaderCell.swift in Sources */,
				D6DD55C62362701600064E08 /* Crop+Merge_FinishVC.swift in Sources */,
				D6C58CB9238355C8003D560B /* UploadProgressView.swift in Sources */,
				D6322C5A23610BF10071088D /* CropAreaView.swift in Sources */,
				D69F5B6F23345C93001FDBC6 /* MainScreenVC.swift in Sources */,
				D6042734234BEFF80087A76B /* ViewPhotoModeVC.swift in Sources */,
			);
			runOnlyForDeploymentPostprocessing = 0;
		};
		D69F5B4D23345BB5001FDBC6 /* Sources */ = {
			isa = PBXSourcesBuildPhase;
			buildActionMask = 2147483647;
			files = (
				D69F5B5623345BB5001FDBC6 /* PhotoComparatorTests.swift in Sources */,
			);
			runOnlyForDeploymentPostprocessing = 0;
		};
		D69F5B5823345BB5001FDBC6 /* Sources */ = {
			isa = PBXSourcesBuildPhase;
			buildActionMask = 2147483647;
			files = (
				D69F5B6123345BB5001FDBC6 /* PhotoComparatorUITests.swift in Sources */,
			);
			runOnlyForDeploymentPostprocessing = 0;
		};
/* End PBXSourcesBuildPhase section */

/* Begin PBXTargetDependency section */
		D69F5B5323345BB5001FDBC6 /* PBXTargetDependency */ = {
			isa = PBXTargetDependency;
			target = D69F5B3C23345BB4001FDBC6 /* PhotoComparator */;
			targetProxy = D69F5B5223345BB5001FDBC6 /* PBXContainerItemProxy */;
		};
		D69F5B5E23345BB5001FDBC6 /* PBXTargetDependency */ = {
			isa = PBXTargetDependency;
			target = D69F5B3C23345BB4001FDBC6 /* PhotoComparator */;
			targetProxy = D69F5B5D23345BB5001FDBC6 /* PBXContainerItemProxy */;
		};
/* End PBXTargetDependency section */

/* Begin PBXVariantGroup section */
		D69F5B4923345BB5001FDBC6 /* LaunchScreen.storyboard */ = {
			isa = PBXVariantGroup;
			children = (
				D69F5B4A23345BB5001FDBC6 /* Base */,
			);
			name = LaunchScreen.storyboard;
			sourceTree = "<group>";
		};
/* End PBXVariantGroup section */

/* Begin XCBuildConfiguration section */
		D69F5B6323345BB5001FDBC6 /* Debug */ = {
			isa = XCBuildConfiguration;
			buildSettings = {
				ALWAYS_SEARCH_USER_PATHS = NO;
				CLANG_ANALYZER_NONNULL = YES;
				CLANG_ANALYZER_NUMBER_OBJECT_CONVERSION = YES_AGGRESSIVE;
				CLANG_CXX_LANGUAGE_STANDARD = "gnu++14";
				CLANG_CXX_LIBRARY = "libc++";
				CLANG_ENABLE_MODULES = YES;
				CLANG_ENABLE_OBJC_ARC = YES;
				CLANG_ENABLE_OBJC_WEAK = YES;
				CLANG_WARN_BLOCK_CAPTURE_AUTORELEASING = YES;
				CLANG_WARN_BOOL_CONVERSION = YES;
				CLANG_WARN_COMMA = YES;
				CLANG_WARN_CONSTANT_CONVERSION = YES;
				CLANG_WARN_DEPRECATED_OBJC_IMPLEMENTATIONS = YES;
				CLANG_WARN_DIRECT_OBJC_ISA_USAGE = YES_ERROR;
				CLANG_WARN_DOCUMENTATION_COMMENTS = YES;
				CLANG_WARN_EMPTY_BODY = YES;
				CLANG_WARN_ENUM_CONVERSION = YES;
				CLANG_WARN_INFINITE_RECURSION = YES;
				CLANG_WARN_INT_CONVERSION = YES;
				CLANG_WARN_NON_LITERAL_NULL_CONVERSION = YES;
				CLANG_WARN_OBJC_IMPLICIT_RETAIN_SELF = YES;
				CLANG_WARN_OBJC_LITERAL_CONVERSION = YES;
				CLANG_WARN_OBJC_ROOT_CLASS = YES_ERROR;
				CLANG_WARN_RANGE_LOOP_ANALYSIS = YES;
				CLANG_WARN_STRICT_PROTOTYPES = YES;
				CLANG_WARN_SUSPICIOUS_MOVE = YES;
				CLANG_WARN_UNGUARDED_AVAILABILITY = YES_AGGRESSIVE;
				CLANG_WARN_UNREACHABLE_CODE = YES;
				CLANG_WARN__DUPLICATE_METHOD_MATCH = YES;
				CODE_SIGN_IDENTITY = "iPhone Developer";
				COPY_PHASE_STRIP = NO;
				DEBUG_INFORMATION_FORMAT = dwarf;
				ENABLE_STRICT_OBJC_MSGSEND = YES;
				ENABLE_TESTABILITY = YES;
				GCC_C_LANGUAGE_STANDARD = gnu11;
				GCC_DYNAMIC_NO_PIC = NO;
				GCC_NO_COMMON_BLOCKS = YES;
				GCC_OPTIMIZATION_LEVEL = 0;
				GCC_PREPROCESSOR_DEFINITIONS = (
					"DEBUG=1",
					"$(inherited)",
				);
				GCC_WARN_64_TO_32_BIT_CONVERSION = YES;
				GCC_WARN_ABOUT_RETURN_TYPE = YES_ERROR;
				GCC_WARN_UNDECLARED_SELECTOR = YES;
				GCC_WARN_UNINITIALIZED_AUTOS = YES_AGGRESSIVE;
				GCC_WARN_UNUSED_FUNCTION = YES;
				GCC_WARN_UNUSED_VARIABLE = YES;
				IPHONEOS_DEPLOYMENT_TARGET = 12.4;
				MTL_ENABLE_DEBUG_INFO = INCLUDE_SOURCE;
				MTL_FAST_MATH = YES;
				ONLY_ACTIVE_ARCH = YES;
				SDKROOT = iphoneos;
				SWIFT_ACTIVE_COMPILATION_CONDITIONS = DEBUG;
				SWIFT_OPTIMIZATION_LEVEL = "-Onone";
			};
			name = Debug;
		};
		D69F5B6423345BB5001FDBC6 /* Release */ = {
			isa = XCBuildConfiguration;
			buildSettings = {
				ALWAYS_SEARCH_USER_PATHS = NO;
				CLANG_ANALYZER_NONNULL = YES;
				CLANG_ANALYZER_NUMBER_OBJECT_CONVERSION = YES_AGGRESSIVE;
				CLANG_CXX_LANGUAGE_STANDARD = "gnu++14";
				CLANG_CXX_LIBRARY = "libc++";
				CLANG_ENABLE_MODULES = YES;
				CLANG_ENABLE_OBJC_ARC = YES;
				CLANG_ENABLE_OBJC_WEAK = YES;
				CLANG_WARN_BLOCK_CAPTURE_AUTORELEASING = YES;
				CLANG_WARN_BOOL_CONVERSION = YES;
				CLANG_WARN_COMMA = YES;
				CLANG_WARN_CONSTANT_CONVERSION = YES;
				CLANG_WARN_DEPRECATED_OBJC_IMPLEMENTATIONS = YES;
				CLANG_WARN_DIRECT_OBJC_ISA_USAGE = YES_ERROR;
				CLANG_WARN_DOCUMENTATION_COMMENTS = YES;
				CLANG_WARN_EMPTY_BODY = YES;
				CLANG_WARN_ENUM_CONVERSION = YES;
				CLANG_WARN_INFINITE_RECURSION = YES;
				CLANG_WARN_INT_CONVERSION = YES;
				CLANG_WARN_NON_LITERAL_NULL_CONVERSION = YES;
				CLANG_WARN_OBJC_IMPLICIT_RETAIN_SELF = YES;
				CLANG_WARN_OBJC_LITERAL_CONVERSION = YES;
				CLANG_WARN_OBJC_ROOT_CLASS = YES_ERROR;
				CLANG_WARN_RANGE_LOOP_ANALYSIS = YES;
				CLANG_WARN_STRICT_PROTOTYPES = YES;
				CLANG_WARN_SUSPICIOUS_MOVE = YES;
				CLANG_WARN_UNGUARDED_AVAILABILITY = YES_AGGRESSIVE;
				CLANG_WARN_UNREACHABLE_CODE = YES;
				CLANG_WARN__DUPLICATE_METHOD_MATCH = YES;
				CODE_SIGN_IDENTITY = "iPhone Developer";
				COPY_PHASE_STRIP = NO;
				DEBUG_INFORMATION_FORMAT = "dwarf-with-dsym";
				ENABLE_NS_ASSERTIONS = NO;
				ENABLE_STRICT_OBJC_MSGSEND = YES;
				GCC_C_LANGUAGE_STANDARD = gnu11;
				GCC_NO_COMMON_BLOCKS = YES;
				GCC_WARN_64_TO_32_BIT_CONVERSION = YES;
				GCC_WARN_ABOUT_RETURN_TYPE = YES_ERROR;
				GCC_WARN_UNDECLARED_SELECTOR = YES;
				GCC_WARN_UNINITIALIZED_AUTOS = YES_AGGRESSIVE;
				GCC_WARN_UNUSED_FUNCTION = YES;
				GCC_WARN_UNUSED_VARIABLE = YES;
				IPHONEOS_DEPLOYMENT_TARGET = 12.4;
				MTL_ENABLE_DEBUG_INFO = NO;
				MTL_FAST_MATH = YES;
				SDKROOT = iphoneos;
				SWIFT_COMPILATION_MODE = wholemodule;
				SWIFT_OPTIMIZATION_LEVEL = "-O";
				VALIDATE_PRODUCT = YES;
			};
			name = Release;
		};
		D69F5B6623345BB5001FDBC6 /* Debug */ = {
			isa = XCBuildConfiguration;
			baseConfigurationReference = 65C6141D39240E4CC28D5E8B /* Pods-PhotoComparator.debug.xcconfig */;
			buildSettings = {
				ASSETCATALOG_COMPILER_APPICON_NAME = AppIcon;
				CODE_SIGN_ENTITLEMENTS = PhotoComparator/PhotoComparator.entitlements;
				CODE_SIGN_STYLE = Automatic;
				DEVELOPMENT_TEAM = XSX24J9P84;
				INFOPLIST_FILE = PhotoComparator/Info.plist;
				LD_RUNPATH_SEARCH_PATHS = (
					"$(inherited)",
					"@executable_path/Frameworks",
				);
				PRODUCT_BUNDLE_IDENTIFIER = com.victoryCloud.PhotoComparator;
				PRODUCT_NAME = "$(TARGET_NAME)";
				SWIFT_VERSION = 5.0;
				TARGETED_DEVICE_FAMILY = "1,2";
			};
			name = Debug;
		};
		D69F5B6723345BB5001FDBC6 /* Release */ = {
			isa = XCBuildConfiguration;
			baseConfigurationReference = D7013F598238D1C79E168AD8 /* Pods-PhotoComparator.release.xcconfig */;
			buildSettings = {
				ASSETCATALOG_COMPILER_APPICON_NAME = AppIcon;
				CODE_SIGN_ENTITLEMENTS = PhotoComparator/PhotoComparator.entitlements;
				CODE_SIGN_STYLE = Automatic;
				DEVELOPMENT_TEAM = XSX24J9P84;
				INFOPLIST_FILE = PhotoComparator/Info.plist;
				LD_RUNPATH_SEARCH_PATHS = (
					"$(inherited)",
					"@executable_path/Frameworks",
				);
				PRODUCT_BUNDLE_IDENTIFIER = com.victoryCloud.PhotoComparator;
				PRODUCT_NAME = "$(TARGET_NAME)";
				SWIFT_VERSION = 5.0;
				TARGETED_DEVICE_FAMILY = "1,2";
			};
			name = Release;
		};
		D69F5B6923345BB5001FDBC6 /* Debug */ = {
			isa = XCBuildConfiguration;
			baseConfigurationReference = D79989F3FB614EDAB76C1494 /* Pods-PhotoComparatorTests.debug.xcconfig */;
			buildSettings = {
				ALWAYS_EMBED_SWIFT_STANDARD_LIBRARIES = YES;
				BUNDLE_LOADER = "$(TEST_HOST)";
				CODE_SIGN_STYLE = Automatic;
				DEVELOPMENT_TEAM = XSX24J9P84;
				INFOPLIST_FILE = PhotoComparatorTests/Info.plist;
				LD_RUNPATH_SEARCH_PATHS = (
					"$(inherited)",
					"@executable_path/Frameworks",
					"@loader_path/Frameworks",
				);
				PRODUCT_BUNDLE_IDENTIFIER = victoryCloud.PhotoComparatorTests;
				PRODUCT_NAME = "$(TARGET_NAME)";
				SWIFT_VERSION = 5.0;
				TARGETED_DEVICE_FAMILY = "1,2";
				TEST_HOST = "$(BUILT_PRODUCTS_DIR)/PhotoComparator.app/PhotoComparator";
			};
			name = Debug;
		};
		D69F5B6A23345BB5001FDBC6 /* Release */ = {
			isa = XCBuildConfiguration;
			baseConfigurationReference = 9DA872603DD13BDD813C50E4 /* Pods-PhotoComparatorTests.release.xcconfig */;
			buildSettings = {
				ALWAYS_EMBED_SWIFT_STANDARD_LIBRARIES = YES;
				BUNDLE_LOADER = "$(TEST_HOST)";
				CODE_SIGN_STYLE = Automatic;
				DEVELOPMENT_TEAM = XSX24J9P84;
				INFOPLIST_FILE = PhotoComparatorTests/Info.plist;
				LD_RUNPATH_SEARCH_PATHS = (
					"$(inherited)",
					"@executable_path/Frameworks",
					"@loader_path/Frameworks",
				);
				PRODUCT_BUNDLE_IDENTIFIER = victoryCloud.PhotoComparatorTests;
				PRODUCT_NAME = "$(TARGET_NAME)";
				SWIFT_VERSION = 5.0;
				TARGETED_DEVICE_FAMILY = "1,2";
				TEST_HOST = "$(BUILT_PRODUCTS_DIR)/PhotoComparator.app/PhotoComparator";
			};
			name = Release;
		};
		D69F5B6C23345BB5001FDBC6 /* Debug */ = {
			isa = XCBuildConfiguration;
			baseConfigurationReference = 9234885F21FA6608EC187DC4 /* Pods-PhotoComparatorUITests.debug.xcconfig */;
			buildSettings = {
				ALWAYS_EMBED_SWIFT_STANDARD_LIBRARIES = YES;
				CODE_SIGN_STYLE = Automatic;
				DEVELOPMENT_TEAM = XSX24J9P84;
				INFOPLIST_FILE = PhotoComparatorUITests/Info.plist;
				LD_RUNPATH_SEARCH_PATHS = (
					"$(inherited)",
					"@executable_path/Frameworks",
					"@loader_path/Frameworks",
				);
				PRODUCT_BUNDLE_IDENTIFIER = victoryCloud.PhotoComparatorUITests;
				PRODUCT_NAME = "$(TARGET_NAME)";
				SWIFT_VERSION = 5.0;
				TARGETED_DEVICE_FAMILY = "1,2";
				TEST_TARGET_NAME = PhotoComparator;
			};
			name = Debug;
		};
		D69F5B6D23345BB5001FDBC6 /* Release */ = {
			isa = XCBuildConfiguration;
			baseConfigurationReference = C684B0C0E00D5978AE5ED293 /* Pods-PhotoComparatorUITests.release.xcconfig */;
			buildSettings = {
				ALWAYS_EMBED_SWIFT_STANDARD_LIBRARIES = YES;
				CODE_SIGN_STYLE = Automatic;
				DEVELOPMENT_TEAM = XSX24J9P84;
				INFOPLIST_FILE = PhotoComparatorUITests/Info.plist;
				LD_RUNPATH_SEARCH_PATHS = (
					"$(inherited)",
					"@executable_path/Frameworks",
					"@loader_path/Frameworks",
				);
				PRODUCT_BUNDLE_IDENTIFIER = victoryCloud.PhotoComparatorUITests;
				PRODUCT_NAME = "$(TARGET_NAME)";
				SWIFT_VERSION = 5.0;
				TARGETED_DEVICE_FAMILY = "1,2";
				TEST_TARGET_NAME = PhotoComparator;
			};
			name = Release;
		};
/* End XCBuildConfiguration section */

/* Begin XCConfigurationList section */
		D69F5B3823345BB4001FDBC6 /* Build configuration list for PBXProject "PhotoComparator" */ = {
			isa = XCConfigurationList;
			buildConfigurations = (
				D69F5B6323345BB5001FDBC6 /* Debug */,
				D69F5B6423345BB5001FDBC6 /* Release */,
			);
			defaultConfigurationIsVisible = 0;
			defaultConfigurationName = Release;
		};
		D69F5B6523345BB5001FDBC6 /* Build configuration list for PBXNativeTarget "PhotoComparator" */ = {
			isa = XCConfigurationList;
			buildConfigurations = (
				D69F5B6623345BB5001FDBC6 /* Debug */,
				D69F5B6723345BB5001FDBC6 /* Release */,
			);
			defaultConfigurationIsVisible = 0;
			defaultConfigurationName = Release;
		};
		D69F5B6823345BB5001FDBC6 /* Build configuration list for PBXNativeTarget "PhotoComparatorTests" */ = {
			isa = XCConfigurationList;
			buildConfigurations = (
				D69F5B6923345BB5001FDBC6 /* Debug */,
				D69F5B6A23345BB5001FDBC6 /* Release */,
			);
			defaultConfigurationIsVisible = 0;
			defaultConfigurationName = Release;
		};
		D69F5B6B23345BB5001FDBC6 /* Build configuration list for PBXNativeTarget "PhotoComparatorUITests" */ = {
			isa = XCConfigurationList;
			buildConfigurations = (
				D69F5B6C23345BB5001FDBC6 /* Debug */,
				D69F5B6D23345BB5001FDBC6 /* Release */,
			);
			defaultConfigurationIsVisible = 0;
			defaultConfigurationName = Release;
		};
/* End XCConfigurationList section */

/* Begin XCVersionGroup section */
		D68A0141233C2182008933D7 /* PhotoComparator.xcdatamodeld */ = {
			isa = XCVersionGroup;
			children = (
				D68A0142233C2182008933D7 /* PhotoComparator.xcdatamodel */,
			);
			currentVersion = D68A0142233C2182008933D7 /* PhotoComparator.xcdatamodel */;
			path = PhotoComparator.xcdatamodeld;
			sourceTree = "<group>";
			versionGroupType = wrapper.xcdatamodel;
		};
/* End XCVersionGroup section */
	};
	rootObject = D69F5B3523345BB4001FDBC6 /* Project object */;
}
